
Microsoft Visual Studio Solution File, Format Version 12.00
# Visual Studio 15
VisualStudioVersion = 15.0.28307.168
MinimumVisualStudioVersion = 10.0.40219.1
Project("{9A19103F-16F7-4668-BE54-9A1E7A4F7556}") = "Municipalities", "Municipalities\Municipalities.csproj", "{56ADDAF3-D55F-4D45-AD08-81453581CE73}"
EndProject
Project("{9A19103F-16F7-4668-BE54-9A1E7A4F7556}") = "Municipalities.Logging", "Municipalities.Logging\Municipalities.Logging.csproj", "{65436318-A179-4B3A-9C48-6B7FE2D98EDB}"
EndProject
Project("{FAE04EC0-301F-11D3-BF4B-00C04F79EFBC}") = "Municipalities.Logging.Contracts", "Municipalities.Logging.Contracts\Municipalities.Logging.Contracts.csproj", "{E951D6D1-8473-43A1-9280-BDC247C6663B}"
EndProject
Project("{FAE04EC0-301F-11D3-BF4B-00C04F79EFBC}") = "Municipalities.Cmd.Options", "Municipalities.Cmd.Options\Municipalities.Cmd.Options.csproj", "{6C34F6C0-83B5-4704-88FE-28FCC73D7377}"
EndProject
Project("{FAE04EC0-301F-11D3-BF4B-00C04F79EFBC}") = "Municipalities.Input", "Municipalities.Input\Municipalities.Input.csproj", "{978F8DC0-DA5C-4942-8A3F-FB1513D1F6B2}"
EndProject
Project("{FAE04EC0-301F-11D3-BF4B-00C04F79EFBC}") = "Municipalities.Input.Contracts", "Municipalities.Input.Contracts\Municipalities.Input.Contracts.csproj", "{09FA497B-D653-431B-B371-BB4CD45F6215}"
EndProject
Project("{FAE04EC0-301F-11D3-BF4B-00C04F79EFBC}") = "Municipalities.Cmd.Service", "Municipalities.Cmd.Service\Municipalities.Cmd.Service.csproj", "{ECB5C463-05D3-4E9F-B6D9-35E8EE2CBCE1}"
EndProject
Project("{FAE04EC0-301F-11D3-BF4B-00C04F79EFBC}") = "Municipalities.Cmd.Service.Contracts", "Municipalities.Cmd.Service.Contracts\Municipalities.Cmd.Service.Contracts.csproj", "{2A666244-4F3C-4387-8183-CFBBAD1F259E}"
EndProject
Project("{FAE04EC0-301F-11D3-BF4B-00C04F79EFBC}") = "Municipalities.Cmd.Models", "Municipalities.Cmd.Models\Municipalities.Cmd.Models.csproj", "{CC816C5C-1C2A-43B0-8224-58CF8CDCF298}"
EndProject
Project("{FAE04EC0-301F-11D3-BF4B-00C04F79EFBC}") = "Municipalities.Cmd.Service.Tests", "Municipalities.Cmd.Service.Tests\Municipalities.Cmd.Service.Tests.csproj", "{6DA262F8-E307-4CF4-9A7C-F57C2F32A884}"
EndProject
Global
	GlobalSection(SolutionConfigurationPlatforms) = preSolution
		Debug|Any CPU = Debug|Any CPU
		Release|Any CPU = Release|Any CPU
	EndGlobalSection
	GlobalSection(ProjectConfigurationPlatforms) = postSolution
		{56ADDAF3-D55F-4D45-AD08-81453581CE73}.Debug|Any CPU.ActiveCfg = Debug|Any CPU
		{56ADDAF3-D55F-4D45-AD08-81453581CE73}.Debug|Any CPU.Build.0 = Debug|Any CPU
		{56ADDAF3-D55F-4D45-AD08-81453581CE73}.Release|Any CPU.ActiveCfg = Release|Any CPU
		{56ADDAF3-D55F-4D45-AD08-81453581CE73}.Release|Any CPU.Build.0 = Release|Any CPU
		{65436318-A179-4B3A-9C48-6B7FE2D98EDB}.Debug|Any CPU.ActiveCfg = Debug|Any CPU
		{65436318-A179-4B3A-9C48-6B7FE2D98EDB}.Debug|Any CPU.Build.0 = Debug|Any CPU
		{65436318-A179-4B3A-9C48-6B7FE2D98EDB}.Release|Any CPU.ActiveCfg = Release|Any CPU
		{65436318-A179-4B3A-9C48-6B7FE2D98EDB}.Release|Any CPU.Build.0 = Release|Any CPU
		{E951D6D1-8473-43A1-9280-BDC247C6663B}.Debug|Any CPU.ActiveCfg = Debug|Any CPU
		{E951D6D1-8473-43A1-9280-BDC247C6663B}.Debug|Any CPU.Build.0 = Debug|Any CPU
		{E951D6D1-8473-43A1-9280-BDC247C6663B}.Release|Any CPU.ActiveCfg = Release|Any CPU
		{E951D6D1-8473-43A1-9280-BDC247C6663B}.Release|Any CPU.Build.0 = Release|Any CPU
		{6C34F6C0-83B5-4704-88FE-28FCC73D7377}.Debug|Any CPU.ActiveCfg = Debug|Any CPU
		{6C34F6C0-83B5-4704-88FE-28FCC73D7377}.Debug|Any CPU.Build.0 = Debug|Any CPU
		{6C34F6C0-83B5-4704-88FE-28FCC73D7377}.Release|Any CPU.ActiveCfg = Release|Any CPU
		{6C34F6C0-83B5-4704-88FE-28FCC73D7377}.Release|Any CPU.Build.0 = Release|Any CPU
		{978F8DC0-DA5C-4942-8A3F-FB1513D1F6B2}.Debug|Any CPU.ActiveCfg = Debug|Any CPU
		{978F8DC0-DA5C-4942-8A3F-FB1513D1F6B2}.Debug|Any CPU.Build.0 = Debug|Any CPU
		{978F8DC0-DA5C-4942-8A3F-FB1513D1F6B2}.Release|Any CPU.ActiveCfg = Release|Any CPU
		{978F8DC0-DA5C-4942-8A3F-FB1513D1F6B2}.Release|Any CPU.Build.0 = Release|Any CPU
		{09FA497B-D653-431B-B371-BB4CD45F6215}.Debug|Any CPU.ActiveCfg = Debug|Any CPU
		{09FA497B-D653-431B-B371-BB4CD45F6215}.Debug|Any CPU.Build.0 = Debug|Any CPU
		{09FA497B-D653-431B-B371-BB4CD45F6215}.Release|Any CPU.ActiveCfg = Release|Any CPU
		{09FA497B-D653-431B-B371-BB4CD45F6215}.Release|Any CPU.Build.0 = Release|Any CPU
		{ECB5C463-05D3-4E9F-B6D9-35E8EE2CBCE1}.Debug|Any CPU.ActiveCfg = Debug|Any CPU
		{ECB5C463-05D3-4E9F-B6D9-35E8EE2CBCE1}.Debug|Any CPU.Build.0 = Debug|Any CPU
		{ECB5C463-05D3-4E9F-B6D9-35E8EE2CBCE1}.Release|Any CPU.ActiveCfg = Release|Any CPU
		{ECB5C463-05D3-4E9F-B6D9-35E8EE2CBCE1}.Release|Any CPU.Build.0 = Release|Any CPU
		{2A666244-4F3C-4387-8183-CFBBAD1F259E}.Debug|Any CPU.ActiveCfg = Debug|Any CPU
		{2A666244-4F3C-4387-8183-CFBBAD1F259E}.Debug|Any CPU.Build.0 = Debug|Any CPU
		{2A666244-4F3C-4387-8183-CFBBAD1F259E}.Release|Any CPU.ActiveCfg = Release|Any CPU
		{2A666244-4F3C-4387-8183-CFBBAD1F259E}.Release|Any CPU.Build.0 = Release|Any CPU
		{CC816C5C-1C2A-43B0-8224-58CF8CDCF298}.Debug|Any CPU.ActiveCfg = Debug|Any CPU
		{CC816C5C-1C2A-43B0-8224-58CF8CDCF298}.Debug|Any CPU.Build.0 = Debug|Any CPU
		{CC816C5C-1C2A-43B0-8224-58CF8CDCF298}.Release|Any CPU.ActiveCfg = Release|Any CPU
		{CC816C5C-1C2A-43B0-8224-58CF8CDCF298}.Release|Any CPU.Build.0 = Release|Any CPU
		{6DA262F8-E307-4CF4-9A7C-F57C2F32A884}.Debug|Any CPU.ActiveCfg = Debug|Any CPU
		{6DA262F8-E307-4CF4-9A7C-F57C2F32A884}.Debug|Any CPU.Build.0 = Debug|Any CPU
		{6DA262F8-E307-4CF4-9A7C-F57C2F32A884}.Release|Any CPU.ActiveCfg = Release|Any CPU
		{6DA262F8-E307-4CF4-9A7C-F57C2F32A884}.Release|Any CPU.Build.0 = Release|Any CPU
	EndGlobalSection
	GlobalSection(SolutionProperties) = preSolution
		HideSolutionNode = FALSE
	EndGlobalSection
	GlobalSection(ExtensibilityGlobals) = postSolution
		SolutionGuid = {72E284CA-8B31-49ED-976D-4EBE7F5D1FA7}
	EndGlobalSection
EndGlobal
